
Microsoft Visual Studio Solution File, Format Version 12.00
# Visual Studio 14
VisualStudioVersion = 14.0.25420.1
MinimumVisualStudioVersion = 10.0.40219.1
Project("{FAE04EC0-301F-11D3-BF4B-00C04F79EFBC}") = "01.Fill the matrix", "01.Fill the matrix\01.Fill the matrix.csproj", "{A7E1F944-71D5-4201-BDAA-D176B5F917EB}"
EndProject
Global
	GlobalSection(SolutionConfigurationPlatforms) = preSolution
		Debug|Any CPU = Debug|Any CPU
		Release|Any CPU = Release|Any CPU
	EndGlobalSection
	GlobalSection(ProjectConfigurationPlatforms) = postSolution
		{A7E1F944-71D5-4201-BDAA-D176B5F917EB}.Debug|Any CPU.ActiveCfg = Debug|Any CPU
		{A7E1F944-71D5-4201-BDAA-D176B5F917EB}.Debug|Any CPU.Build.0 = Debug|Any CPU
		{A7E1F944-71D5-4201-BDAA-D176B5F917EB}.Release|Any CPU.ActiveCfg = Release|Any CPU
		{A7E1F944-71D5-4201-BDAA-D176B5F917EB}.Release|Any CPU.Build.0 = Release|Any CPU
	EndGlobalSection
	GlobalSection(SolutionProperties) = preSolution
		HideSolutionNode = FALSE
	EndGlobalSection
EndGlobal
